Microsoft Visual Studio Solution File, Format Version 12.00
# Visual Studio 15
VisualStudioVersion = 15.0.27130.2010
MinimumVisualStudioVersion = 10.0.40219.1
Project("{FAE04EC0-301F-11D3-BF4B-00C04F79EFBC}") = "Revit.ES.Extension", "Revit.ES.Extension\Revit.ES.Extension.csproj", "{2DEF625F-1B50-4AC3-8364-999F1861D471}"
EndProject
Project("{FAE04EC0-301F-11D3-BF4B-00C04F79EFBC}") = "Revit.ES.Extension.TestCommand", "Revit.ES.ExtensionTestCommand\Revit.ES.Extension.TestCommand.csproj", "{0949DEBE-12E7-4C38-9432-06490E022F86}"
EndProject
Global
	GlobalSection(SolutionConfigurationPlatforms) = preSolution
		Debug 2019|Any CPU = Debug 2019|Any CPU
		Debug 2019|Mixed Platforms = Debug 2019|Mixed Platforms
		Debug 2019|x86 = Debug 2019|x86
		Debug 2020|Any CPU = Debug 2020|Any CPU
		Debug 2020|Mixed Platforms = Debug 2020|Mixed Platforms
		Debug 2020|x86 = Debug 2020|x86
		Debug 2021|Any CPU = Debug 2021|Any CPU
		Debug 2021|Mixed Platforms = Debug 2021|Mixed Platforms
		Debug 2021|x86 = Debug 2021|x86
		Debug|Any CPU = Debug|Any CPU
		Debug|Mixed Platforms = Debug|Mixed Platforms
		Debug|x86 = Debug|x86
		Release|Any CPU = Release|Any CPU
		Release|Mixed Platforms = Release|Mixed Platforms
		Release|x86 = Release|x86
	EndGlobalSection
	GlobalSection(ProjectConfigurationPlatforms) = postSolution
		{2DEF625F-1B50-4AC3-8364-999F1861D471}.Debug 2019|Any CPU.ActiveCfg = Debug 2019|Any CPU
		{2DEF625F-1B50-4AC3-8364-999F1861D471}.Debug 2019|Any CPU.Build.0 = Debug 2019|Any CPU
		{2DEF625F-1B50-4AC3-8364-999F1861D471}.Debug 2019|Mixed Platforms.ActiveCfg = Debug 2019|Any CPU
		{2DEF625F-1B50-4AC3-8364-999F1861D471}.Debug 2019|Mixed Platforms.Build.0 = Debug 2019|Any CPU
		{2DEF625F-1B50-4AC3-8364-999F1861D471}.Debug 2019|x86.ActiveCfg = Debug 2019|x86
		{2DEF625F-1B50-4AC3-8364-999F1861D471}.Debug 2019|x86.Build.0 = Debug 2019|x86
		{2DEF625F-1B50-4AC3-8364-999F1861D471}.Debug 2020|Any CPU.ActiveCfg = Debug 2020|Any CPU
		{2DEF625F-1B50-4AC3-8364-999F1861D471}.Debug 2020|Any CPU.Build.0 = Debug 2020|Any CPU
		{2DEF625F-1B50-4AC3-8364-999F1861D471}.Debug 2020|Mixed Platforms.ActiveCfg = Debug 2020|Any CPU
		{2DEF625F-1B50-4AC3-8364-999F1861D471}.Debug 2020|Mixed Platforms.Build.0 = Debug 2020|Any CPU
		{2DEF625F-1B50-4AC3-8364-999F1861D471}.Debug 2020|x86.ActiveCfg = Debug 2020|x86
		{2DEF625F-1B50-4AC3-8364-999F1861D471}.Debug 2020|x86.Build.0 = Debug 2020|x86
		{2DEF625F-1B50-4AC3-8364-999F1861D471}.Debug 2021|Any CPU.ActiveCfg = Debug 2021|Any CPU
		{2DEF625F-1B50-4AC3-8364-999F1861D471}.Debug 2021|Any CPU.Build.0 = Debug 2021|Any CPU
		{2DEF625F-1B50-4AC3-8364-999F1861D471}.Debug 2021|Mixed Platforms.ActiveCfg = Debug 2021|Any CPU
		{2DEF625F-1B50-4AC3-8364-999F1861D471}.Debug 2021|Mixed Platforms.Build.0 = Debug 2021|Any CPU
		{2DEF625F-1B50-4AC3-8364-999F1861D471}.Debug 2021|x86.ActiveCfg = Debug 2021|x86
		{2DEF625F-1B50-4AC3-8364-999F1861D471}.Debug 2021|x86.Build.0 = Debug 2021|x86
		{2DEF625F-1B50-4AC3-8364-999F1861D471}.Debug|Any CPU.ActiveCfg = Debug|x86
		{2DEF625F-1B50-4AC3-8364-999F1861D471}.Debug|Mixed Platforms.ActiveCfg = Debug|Any CPU
		{2DEF625F-1B50-4AC3-8364-999F1861D471}.Debug|Mixed Platforms.Build.0 = Debug|Any CPU
		{2DEF625F-1B50-4AC3-8364-999F1861D471}.Debug|x86.ActiveCfg = Debug|x86
		{2DEF625F-1B50-4AC3-8364-999F1861D471}.Debug|x86.Build.0 = Debug|x86
		{2DEF625F-1B50-4AC3-8364-999F1861D471}.Release|Any CPU.ActiveCfg = Release|x86
		{2DEF625F-1B50-4AC3-8364-999F1861D471}.Release|Mixed Platforms.ActiveCfg = Release|x86
		{2DEF625F-1B50-4AC3-8364-999F1861D471}.Release|Mixed Platforms.Build.0 = Release|x86
		{2DEF625F-1B50-4AC3-8364-999F1861D471}.Release|x86.ActiveCfg = Release|x86
		{2DEF625F-1B50-4AC3-8364-999F1861D471}.Release|x86.Build.0 = Release|x86
		{0949DEBE-12E7-4C38-9432-06490E022F86}.Debug 2019|Any CPU.ActiveCfg = Debug|Any CPU
		{0949DEBE-12E7-4C38-9432-06490E022F86}.Debug 2019|Any CPU.Build.0 = Debug|Any CPU
		{0949DEBE-12E7-4C38-9432-06490E022F86}.Debug 2019|Mixed Platforms.ActiveCfg = Debug 2019|Any CPU
		{0949DEBE-12E7-4C38-9432-06490E022F86}.Debug 2019|Mixed Platforms.Build.0 = Debug 2019|Any CPU
		{0949DEBE-12E7-4C38-9432-06490E022F86}.Debug 2019|x86.ActiveCfg = Debug|Any CPU
		{0949DEBE-12E7-4C38-9432-06490E022F86}.Debug 2019|x86.Build.0 = Debug|Any CPU
		{0949DEBE-12E7-4C38-9432-06490E022F86}.Debug 2020|Any CPU.ActiveCfg = Debug 2020|Any CPU
		{0949DEBE-12E7-4C38-9432-06490E022F86}.Debug 2020|Any CPU.Build.0 = Debug 2020|Any CPU
		{0949DEBE-12E7-4C38-9432-06490E022F86}.Debug 2020|Mixed Platforms.ActiveCfg = Debug 2020|Any CPU
		{0949DEBE-12E7-4C38-9432-06490E022F86}.Debug 2020|Mixed Platforms.Build.0 = Debug 2020|Any CPU
		{0949DEBE-12E7-4C38-9432-06490E022F86}.Debug 2020|x86.ActiveCfg = Debug 2020|Any CPU
		{0949DEBE-12E7-4C38-9432-06490E022F86}.Debug 2020|x86.Build.0 = Debug 2020|Any CPU
		{0949DEBE-12E7-4C38-9432-06490E022F86}.Debug 2021|Any CPU.ActiveCfg = Debug 2021|Any CPU
		{0949DEBE-12E7-4C38-9432-06490E022F86}.Debug 2021|Any CPU.Build.0 = Debug 2021|Any CPU
		{0949DEBE-12E7-4C38-9432-06490E022F86}.Debug 2021|Mixed Platforms.ActiveCfg = Debug 2021|Any CPU
		{0949DEBE-12E7-4C38-9432-06490E022F86}.Debug 2021|Mixed Platforms.Build.0 = Debug 2021|Any CPU
		{0949DEBE-12E7-4C38-9432-06490E022F86}.Debug 2021|x86.ActiveCfg = Debug 2021|Any CPU
		{0949DEBE-12E7-4C38-9432-06490E022F86}.Debug 2021|x86.Build.0 = Debug 2021|Any CPU
		{0949DEBE-12E7-4C38-9432-06490E022F86}.Debug|Any CPU.ActiveCfg = Debug|Any CPU
		{0949DEBE-12E7-4C38-9432-06490E022F86}.Debug|Any CPU.Build.0 = Debug|Any CPU
		{0949DEBE-12E7-4C38-9432-06490E022F86}.Debug|Mixed Platforms.ActiveCfg = Debug|Any CPU
		{0949DEBE-12E7-4C38-9432-06490E022F86}.Debug|Mixed Platforms.Build.0 = Debug|Any CPU
		{0949DEBE-12E7-4C38-9432-06490E022F86}.Debug|x86.ActiveCfg = Debug|Any CPU
		{0949DEBE-12E7-4C38-9432-06490E022F86}.Release|Any CPU.ActiveCfg = Release|Any CPU
		{0949DEBE-12E7-4C38-9432-06490E022F86}.Release|Any CPU.Build.0 = Release|Any CPU
		{0949DEBE-12E7-4C38-9432-06490E022F86}.Release|Mixed Platforms.ActiveCfg = Release|Any CPU
		{0949DEBE-12E7-4C38-9432-06490E022F86}.Release|Mixed Platforms.Build.0 = Release|Any CPU
		{0949DEBE-12E7-4C38-9432-06490E022F86}.Release|x86.ActiveCfg = Release|Any CPU
	EndGlobalSection
	GlobalSection(SolutionProperties) = preSolution
		HideSolutionNode = FALSE
	EndGlobalSection
	GlobalSection(ExtensibilityGlobals) = postSolution
		SolutionGuid = {C5C35742-0A2E-4823-9FDC-0ED01FBBA1A5}
	EndGlobalSection
EndGlobal
